Microsoft Visual Studio Solution File, Format Version 12.00
# Visual Studio Version 17
VisualStudioVersion = 17.5.2.0
MinimumVisualStudioVersion = 10.0.40219.1
Project("{FAE04EC0-301F-11D3-BF4B-00C04F79EFBC}") = "AdventOfCode", "2015\AdventOfCode.csproj", "{6B1DECFE-55CA-97FC-4525-FE5E57EF443F}"
EndProject
Global
	GlobalSection(SolutionConfigurationPlatforms) = preSolution
		Debug|Any CPU = Debug|Any CPU
		Release|Any CPU = Release|Any CPU
	EndGlobalSection
	GlobalSection(ProjectConfigurationPlatforms) = postSolution
		{6B1DECFE-55CA-97FC-4525-FE5E57EF443F}.Debug|Any CPU.ActiveCfg = Debug|Any CPU
		{6B1DECFE-55CA-97FC-4525-FE5E57EF443F}.Debug|Any CPU.Build.0 = Debug|Any CPU
		{6B1DECFE-55CA-97FC-4525-FE5E57EF443F}.Release|Any CPU.ActiveCfg = Release|Any CPU
		{6B1DECFE-55CA-97FC-4525-FE5E57EF443F}.Release|Any CPU.Build.0 = Release|Any CPU
	EndGlobalSection
	GlobalSection(SolutionProperties) = preSolution
		HideSolutionNode = FALSE
	EndGlobalSection
	GlobalSection(ExtensibilityGlobals) = postSolution
		SolutionGuid = {7BF9163A-54FC-4317-B911-02DA646C036A}
	EndGlobalSection
EndGlobal
